// !$*UTF8*$!
{
	archiveVersion = 1;
	classes = {
	};
	objectVersion = 52;
	objects = {

/* Begin PBXBuildFile section */
		52B4B3AA257BDF73003400BF /* rank.png in Resources */ = {isa = PBXBuildFile; fileRef = 52B4B3A9257BDF73003400BF /* rank.png */; };
		52BF948F2566509100B4A235 /* AppDelegate.swift in Sources */ = {isa = PBXBuildFile; fileRef = 52BF948E2566509100B4A235 /* AppDelegate.swift */; };
		52BF94912566509100B4A235 /* SceneDelegate.swift in Sources */ = {isa = PBXBuildFile; fileRef = 52BF94902566509100B4A235 /* SceneDelegate.swift */; };
		52BF94932566509100B4A235 /* ViewController.swift in Sources */ = {isa = PBXBuildFile; fileRef = 52BF94922566509100B4A235 /* ViewController.swift */; };
		52BF94962566509100B4A235 /* Main.storyboard in Resources */ = {isa = PBXBuildFile; fileRef = 52BF94942566509100B4A235 /* Main.storyboard */; };
		52BF94982566509300B4A235 /* Assets.xcassets in Resources */ = {isa = PBXBuildFile; fileRef = 52BF94972566509300B4A235 /* Assets.xcassets */; };
		52BF949B2566509300B4A235 /* LaunchScreen.storyboard in Resources */ = {isa = PBXBuildFile; fileRef = 52BF94992566509300B4A235 /* LaunchScreen.storyboard */; };
		52BF94A52566520700B4A235 /* SnapKit in Frameworks */ = {isa = PBXBuildFile; productRef = 52BF94A42566520700B4A235 /* SnapKit */; };
		52BF94A82566524800B4A235 /* ChatBoxView.swift in Sources */ = {isa = PBXBuildFile; fileRef = 52BF94A72566524800B4A235 /* ChatBoxView.swift */; };
		52BF94AB2566622A00B4A235 /* MessageCell.swift in Sources */ = {isa = PBXBuildFile; fileRef = 52BF94AA2566622A00B4A235 /* MessageCell.swift */; };
		52BF94AE256662D400B4A235 /* ScreenMessageStore.swift in Sources */ = {isa = PBXBuildFile; fileRef = 52BF94AD256662D400B4A235 /* ScreenMessageStore.swift */; };
		52BF94B4256A3D0800B4A235 /* Config.swift in Sources */ = {isa = PBXBuildFile; fileRef = 52BF94B3256A3D0800B4A235 /* Config.swift */; };
		52BF94B9256BA1CB00B4A235 /* MessageClient.swift in Sources */ = {isa = PBXBuildFile; fileRef = 52BF94B8256BA1CA00B4A235 /* MessageClient.swift */; };
		52BF94BC256BA7C200B4A235 /* ChatBot.swift in Sources */ = {isa = PBXBuildFile; fileRef = 52BF94BB256BA7C200B4A235 /* ChatBot.swift */; };
		52BF94C0256BABAC00B4A235 /* MessageModel.swift in Sources */ = {isa = PBXBuildFile; fileRef = 52BF94BF256BABAC00B4A235 /* MessageModel.swift */; };
		52BF94C3256BABDE00B4A235 /* MessageStore.swift in Sources */ = {isa = PBXBuildFile; fileRef = 52BF94C2256BABDE00B4A235 /* MessageStore.swift */; };
		52E5F680257940080042A98B /* audio.png in Resources */ = {isa = PBXBuildFile; fileRef = 52E5F67F257940080042A98B /* audio.png */; };
		52E5F6832579401C0042A98B /* img.jpg in Resources */ = {isa = PBXBuildFile; fileRef = 52E5F6822579401C0042A98B /* img.jpg */; };
		52E5F686257940270042A98B /* example.mp3 in Resources */ = {isa = PBXBuildFile; fileRef = 52E5F685257940270042A98B /* example.mp3 */; };
/* End PBXBuildFile section */

/* Begin PBXFileReference section */
		52B4B3A9257BDF73003400BF /* rank.png */ = {isa = PBXFileReference; lastKnownFileType = image.png; path = rank.png; sourceTree = "<group>"; };
		52BF948B2566509100B4A235 /* ChatBox.app */ = {isa = PBXFileReference; explicitFileType = wrapper.application; includeInIndex = 0; path = ChatBox.app; sourceTree = BUILT_PRODUCTS_DIR; };
		52BF948E2566509100B4A235 /* AppDelegate.swift */ = {isa = PBXFileReference; lastKnownFileType = sourcecode.swift; path = AppDelegate.swift; sourceTree = "<group>"; };
		52BF94902566509100B4A235 /* SceneDelegate.swift */ = {isa = PBXFileReference; lastKnownFileType = sourcecode.swift; path = SceneDelegate.swift; sourceTree = "<group>"; };
		52BF94922566509100B4A235 /* ViewController.swift */ = {isa = PBXFileReference; lastKnownFileType = sourcecode.swift; path = ViewController.swift; sourceTree = "<group>"; };
		52BF94952566509100B4A235 /* Base */ = {isa = PBXFileReference; lastKnownFileType = file.storyboard; name = Base; path = Base.lproj/Main.storyboard; sourceTree = "<group>"; };
		52BF94972566509300B4A235 /* Assets.xcassets */ = {isa = PBXFileReference; lastKnownFileType = folder.assetcatalog; path = Assets.xcassets; sourceTree = "<group>"; };
		52BF949A2566509300B4A235 /* Base */ = {isa = PBXFileReference; lastKnownFileType = file.storyboard; name = Base; path = Base.lproj/LaunchScreen.storyboard; sourceTree = "<group>"; };
		52BF949C2566509300B4A235 /* Info.plist */ = {isa = PBXFileReference; lastKnownFileType = text.plist.xml; path = Info.plist; sourceTree = "<group>"; };
		52BF94A72566524800B4A235 /* ChatBoxView.swift */ = {isa = PBXFileReference; lastKnownFileType = sourcecode.swift; path = ChatBoxView.swift; sourceTree = "<group>"; };
		52BF94AA2566622A00B4A235 /* MessageCell.swift */ = {isa = PBXFileReference; lastKnownFileType = sourcecode.swift; path = MessageCell.swift; sourceTree = "<group>"; };
		52BF94AD256662D400B4A235 /* ScreenMessageStore.swift */ = {isa = PBXFileReference; lastKnownFileType = sourcecode.swift; path = ScreenMessageStore.swift; sourceTree = "<group>"; };
		52BF94B3256A3D0800B4A235 /* Config.swift */ = {isa = PBXFileReference; lastKnownFileType = sourcecode.swift; path = Config.swift; sourceTree = "<group>"; };
		52BF94B8256BA1CA00B4A235 /* MessageClient.swift */ = {isa = PBXFileReference; lastKnownFileType = sourcecode.swift; path = MessageClient.swift; sourceTree = "<group>"; };
		52BF94BB256BA7C200B4A235 /* ChatBot.swift */ = {isa = PBXFileReference; lastKnownFileType = sourcecode.swift; path = ChatBot.swift; sourceTree = "<group>"; };
		52BF94BF256BABAC00B4A235 /* MessageModel.swift */ = {isa = PBXFileReference; lastKnownFileType = sourcecode.swift; path = MessageModel.swift; sourceTree = "<group>"; };
		52BF94C2256BABDE00B4A235 /* MessageStore.swift */ = {isa = PBXFileReference; lastKnownFileType = sourcecode.swift; path = MessageStore.swift; sourceTree = "<group>"; };
		52E5F67F257940080042A98B /* audio.png */ = {isa = PBXFileReference; lastKnownFileType = image.png; path = audio.png; sourceTree = "<group>"; };
		52E5F6822579401C0042A98B /* img.jpg */ = {isa = PBXFileReference; lastKnownFileType = image.jpeg; path = img.jpg; sourceTree = "<group>"; };
		52E5F685257940270042A98B /* example.mp3 */ = {isa = PBXFileReference; lastKnownFileType = audio.mp3; path = example.mp3; sourceTree = "<group>"; };
/* End PBXFileReference section */

/* Begin PBXFrameworksBuildPhase section */
		52BF94882566509100B4A235 /* Frameworks */ = {
			isa = PBXFrameworksBuildPhase;
			buildActionMask = 2147483647;
			files = (
				52BF94A52566520700B4A235 /* SnapKit in Frameworks */,
			);
			runOnlyForDeploymentPostprocessing = 0;
		};
/* End PBXFrameworksBuildPhase section */

/* Begin PBXGroup section */
		52BF94822566509100B4A235 = {
			isa = PBXGroup;
			children = (
				52BF948D2566509100B4A235 /* ChatBox */,
				52BF948C2566509100B4A235 /* Products */,
			);
			sourceTree = "<group>";
		};
		52BF948C2566509100B4A235 /* Products */ = {
			isa = PBXGroup;
			children = (
				52BF948B2566509100B4A235 /* ChatBox.app */,
			);
			name = Products;
			sourceTree = "<group>";
		};
		52BF948D2566509100B4A235 /* ChatBox */ = {
			isa = PBXGroup;
			children = (
				52BF948E2566509100B4A235 /* AppDelegate.swift */,
				52BF94902566509100B4A235 /* SceneDelegate.swift */,
				52BF94922566509100B4A235 /* ViewController.swift */,
				52BF94BF256BABAC00B4A235 /* MessageModel.swift */,
				52BF94C2256BABDE00B4A235 /* MessageStore.swift */,
				52BF94B8256BA1CA00B4A235 /* MessageClient.swift */,
				52BF94A72566524800B4A235 /* ChatBoxView.swift */,
				52BF94AD256662D400B4A235 /* ScreenMessageStore.swift */,
				52BF94AA2566622A00B4A235 /* MessageCell.swift */,
				52BF94BB256BA7C200B4A235 /* ChatBot.swift */,
				52BF94B3256A3D0800B4A235 /* Config.swift */,
				52E5F6822579401C0042A98B /* img.jpg */,
				52E5F67F257940080042A98B /* audio.png */,
				52B4B3A9257BDF73003400BF /* rank.png */,
				52E5F685257940270042A98B /* example.mp3 */,
				52BF94942566509100B4A235 /* Main.storyboard */,
				52BF94972566509300B4A235 /* Assets.xcassets */,
				52BF94992566509300B4A235 /* LaunchScreen.storyboard */,
				52BF949C2566509300B4A235 /* Info.plist */,
			);
			path = ChatBox;
			sourceTree = "<group>";
		};
/* End PBXGroup section */

/* Begin PBXNativeTarget section */
		52BF948A2566509100B4A235 /* ChatBox */ = {
			isa = PBXNativeTarget;
			buildConfigurationList = 52BF949F2566509300B4A235 /* Build configuration list for PBXNativeTarget "ChatBox" */;
			buildPhases = (
				52BF94872566509100B4A235 /* Sources */,
				52BF94882566509100B4A235 /* Frameworks */,
				52BF94892566509100B4A235 /* Resources */,
			);
			buildRules = (
			);
			dependencies = (
			);
			name = ChatBox;
			packageProductDependencies = (
				52BF94A42566520700B4A235 /* SnapKit */,
			);
			productName = ChatBox;
			productReference = 52BF948B2566509100B4A235 /* ChatBox.app */;
			productType = "com.apple.product-type.application";
		};
/* End PBXNativeTarget section */

/* Begin PBXProject section */
		52BF94832566509100B4A235 /* Project object */ = {
			isa = PBXProject;
			attributes = {
				LastSwiftUpdateCheck = 1220;
				LastUpgradeCheck = 1220;
				TargetAttributes = {
					52BF948A2566509100B4A235 = {
						CreatedOnToolsVersion = 12.2;
					};
				};
			};
			buildConfigurationList = 52BF94862566509100B4A235 /* Build configuration list for PBXProject "ChatBox" */;
			compatibilityVersion = "Xcode 9.3";
			developmentRegion = en;
			hasScannedForEncodings = 0;
			knownRegions = (
				en,
				Base,
			);
			mainGroup = 52BF94822566509100B4A235;
			packageReferences = (
				52BF94A32566520700B4A235 /* XCRemoteSwiftPackageReference "SnapKit" */,
			);
			productRefGroup = 52BF948C2566509100B4A235 /* Products */;
			projectDirPath = "";
			projectRoot = "";
			targets = (
				52BF948A2566509100B4A235 /* ChatBox */,
			);
		};
/* End PBXProject section */

/* Begin PBXResourcesBuildPhase section */
		52BF94892566509100B4A235 /* Resources */ = {
			isa = PBXResourcesBuildPhase;
			buildActionMask = 2147483647;
			files = (
				52E5F6832579401C0042A98B /* img.jpg in Resources */,
				52E5F680257940080042A98B /* audio.png in Resources */,
				52BF949B2566509300B4A235 /* LaunchScreen.storyboard in Resources */,
				52E5F686257940270042A98B /* example.mp3 in Resources */,
				52BF94982566509300B4A235 /* Assets.xcassets in Resources */,
				52BF94962566509100B4A235 /* Main.storyboard in Resources */,
				52B4B3AA257BDF73003400BF /* rank.png in Resources */,
			);
			runOnlyForDeploymentPostprocessing = 0;
		};
/* End PBXResourcesBuildPhase section */

/* Begin PBXSourcesBuildPhase section */
		52BF94872566509100B4A235 /* Sources */ = {
			isa = PBXSourcesBuildPhase;
			buildActionMask = 2147483647;
			files = (
				52BF94A82566524800B4A235 /* ChatBoxView.swift in Sources */,
				52BF94AB2566622A00B4A235 /* MessageCell.swift in Sources */,
				52BF94B9256BA1CB00B4A235 /* MessageClient.swift in Sources */,
				52BF94932566509100B4A235 /* ViewController.swift in Sources */,
				52BF948F2566509100B4A235 /* AppDelegate.swift in Sources */,
				52BF94C0256BABAC00B4A235 /* MessageModel.swift in Sources */,
				52BF94C3256BABDE00B4A235 /* MessageStore.swift in Sources */,
				52BF94BC256BA7C200B4A235 /* ChatBot.swift in Sources */,
				52BF94B4256A3D0800B4A235 /* Config.swift in Sources */,
				52BF94912566509100B4A235 /* SceneDelegate.swift in Sources */,
				52BF94AE256662D400B4A235 /* ScreenMessageStore.swift in Sources */,
			);
			runOnlyForDeploymentPostprocessing = 0;
		};
/* End PBXSourcesBuildPhase section */

/* Begin PBXVariantGroup section */
		52BF94942566509100B4A235 /* Main.storyboard */ = {
			isa = PBXVariantGroup;
			children = (
				52BF94952566509100B4A235 /* Base */,
			);
			name = Main.storyboard;
			sourceTree = "<group>";
		};
		52BF94992566509300B4A235 /* LaunchScreen.storyboard */ = {
			isa = PBXVariantGroup;
			children = (
				52BF949A2566509300B4A235 /* Base */,
			);
			name = LaunchScreen.storyboard;
			sourceTree = "<group>";
		};
/* End PBXVariantGroup section */

/* Begin XCBuildConfiguration section */
		52BF949D2566509300B4A235 /* Debug */ = {
			isa = XCBuildConfiguration;
			buildSettings = {
				ALWAYS_SEARCH_USER_PATHS = NO;
				CLANG_ANALYZER_NONNULL = YES;
				CLANG_ANALYZER_NUMBER_OBJECT_CONVERSION = YES_AGGRESSIVE;
				CLANG_CXX_LANGUAGE_STANDARD = "gnu++14";
				CLANG_CXX_LIBRARY = "libc++";
				CLANG_ENABLE_MODULES = YES;
				CLANG_ENABLE_OBJC_ARC = YES;
				CLANG_ENABLE_OBJC_WEAK = YES;
				CLANG_WARN_BLOCK_CAPTURE_AUTORELEASING = YES;
				CLANG_WARN_BOOL_CONVERSION = YES;
				CLANG_WARN_COMMA = YES;
				CLANG_WARN_CONSTANT_CONVERSION = YES;
				CLANG_WARN_DEPRECATED_OBJC_IMPLEMENTATIONS = YES;
				CLANG_WARN_DIRECT_OBJC_ISA_USAGE = YES_ERROR;
				CLANG_WARN_DOCUMENTATION_COMMENTS = YES;
				CLANG_WARN_EMPTY_BODY = YES;
				CLANG_WARN_ENUM_CONVERSION = YES;
				CLANG_WARN_INFINITE_RECURSION = YES;
				CLANG_WARN_INT_CONVERSION = YES;
				CLANG_WARN_NON_LITERAL_NULL_CONVERSION = YES;
				CLANG_WARN_OBJC_IMPLICIT_RETAIN_SELF = YES;
				CLANG_WARN_OBJC_LITERAL_CONVERSION = YES;
				CLANG_WARN_OBJC_ROOT_CLASS = YES_ERROR;
				CLANG_WARN_QUOTED_INCLUDE_IN_FRAMEWORK_HEADER = YES;
				CLANG_WARN_RANGE_LOOP_ANALYSIS = YES;
				CLANG_WARN_STRICT_PROTOTYPES = YES;
				CLANG_WARN_SUSPICIOUS_MOVE = YES;
				CLANG_WARN_UNGUARDED_AVAILABILITY = YES_AGGRESSIVE;
				CLANG_WARN_UNREACHABLE_CODE = YES;
				CLANG_WARN__DUPLICATE_METHOD_MATCH = YES;
				COPY_PHASE_STRIP = NO;
				DEBUG_INFORMATION_FORMAT = dwarf;
				ENABLE_STRICT_OBJC_MSGSEND = YES;
				ENABLE_TESTABILITY = YES;
				GCC_C_LANGUAGE_STANDARD = gnu11;
				GCC_DYNAMIC_NO_PIC = NO;
				GCC_NO_COMMON_BLOCKS = YES;
				GCC_OPTIMIZATION_LEVEL = 0;
				GCC_PREPROCESSOR_DEFINITIONS = (
					"DEBUG=1",
					"$(inherited)",
				);
				GCC_WARN_64_TO_32_BIT_CONVERSION = YES;
				GCC_WARN_ABOUT_RETURN_TYPE = YES_ERROR;
				GCC_WARN_UNDECLARED_SELECTOR = YES;
				GCC_WARN_UNINITIALIZED_AUTOS = YES_AGGRESSIVE;
				GCC_WARN_UNUSED_FUNCTION = YES;
				GCC_WARN_UNUSED_VARIABLE = YES;
				IPHONEOS_DEPLOYMENT_TARGET = 14.2;
				MTL_ENABLE_DEBUG_INFO = INCLUDE_SOURCE;
				MTL_FAST_MATH = YES;
				ONLY_ACTIVE_ARCH = YES;
				SDKROOT = iphoneos;
				SWIFT_ACTIVE_COMPILATION_CONDITIONS = DEBUG;
				SWIFT_OPTIMIZATION_LEVEL = "-Onone";
			};
			name = Debug;
		};
		52BF949E2566509300B4A235 /* Release */ = {
			isa = XCBuildConfiguration;
			buildSettings = {
				ALWAYS_SEARCH_USER_PATHS = NO;
				CLANG_ANALYZER_NONNULL = YES;
				CLANG_ANALYZER_NUMBER_OBJECT_CONVERSION = YES_AGGRESSIVE;
				CLANG_CXX_LANGUAGE_STANDARD = "gnu++14";
				CLANG_CXX_LIBRARY = "libc++";
				CLANG_ENABLE_MODULES = YES;
				CLANG_ENABLE_OBJC_ARC = YES;
				CLANG_ENABLE_OBJC_WEAK = YES;
				CLANG_WARN_BLOCK_CAPTURE_AUTORELEASING = YES;
				CLANG_WARN_BOOL_CONVERSION = YES;
				CLANG_WARN_COMMA = YES;
				CLANG_WARN_CONSTANT_CONVERSION = YES;
				CLANG_WARN_DEPRECATED_OBJC_IMPLEMENTATIONS = YES;
				CLANG_WARN_DIRECT_OBJC_ISA_USAGE = YES_ERROR;
				CLANG_WARN_DOCUMENTATION_COMMENTS = YES;
				CLANG_WARN_EMPTY_BODY = YES;
				CLANG_WARN_ENUM_CONVERSION = YES;
				CLANG_WARN_INFINITE_RECURSION = YES;
				CLANG_WARN_INT_CONVERSION = YES;
				CLANG_WARN_NON_LITERAL_NULL_CONVERSION = YES;
				CLANG_WARN_OBJC_IMPLICIT_RETAIN_SELF = YES;
				CLANG_WARN_OBJC_LITERAL_CONVERSION = YES;
				CLANG_WARN_OBJC_ROOT_CLASS = YES_ERROR;
				CLANG_WARN_QUOTED_INCLUDE_IN_FRAMEWORK_HEADER = YES;
				CLANG_WARN_RANGE_LOOP_ANALYSIS = YES;
				CLANG_WARN_STRICT_PROTOTYPES = YES;
				CLANG_WARN_SUSPICIOUS_MOVE = YES;
				CLANG_WARN_UNGUARDED_AVAILABILITY = YES_AGGRESSIVE;
				CLANG_WARN_UNREACHABLE_CODE = YES;
				CLANG_WARN__DUPLICATE_METHOD_MATCH = YES;
				COPY_PHASE_STRIP = NO;
				DEBUG_INFORMATION_FORMAT = "dwarf-with-dsym";
				ENABLE_NS_ASSERTIONS = NO;
				ENABLE_STRICT_OBJC_MSGSEND = YES;
				GCC_C_LANGUAGE_STANDARD = gnu11;
				GCC_NO_COMMON_BLOCKS = YES;
				GCC_WARN_64_TO_32_BIT_CONVERSION = YES;
				GCC_WARN_ABOUT_RETURN_TYPE = YES_ERROR;
				GCC_WARN_UNDECLARED_SELECTOR = YES;
				GCC_WARN_UNINITIALIZED_AUTOS = YES_AGGRESSIVE;
				GCC_WARN_UNUSED_FUNCTION = YES;
				GCC_WARN_UNUSED_VARIABLE = YES;
				IPHONEOS_DEPLOYMENT_TARGET = 14.2;
				MTL_ENABLE_DEBUG_INFO = NO;
				MTL_FAST_MATH = YES;
				SDKROOT = iphoneos;
				SWIFT_COMPILATION_MODE = wholemodule;
				SWIFT_OPTIMIZATION_LEVEL = "-O";
				VALIDATE_PRODUCT = YES;
			};
			name = Release;
		};
		52BF94A02566509300B4A235 /* Debug */ = {
			isa = XCBuildConfiguration;
			buildSettings = {
				ASSETCATALOG_COMPILER_APPICON_NAME = AppIcon;
				ASSETCATALOG_COMPILER_GLOBAL_ACCENT_COLOR_NAME = AccentColor;
				CODE_SIGN_STYLE = Automatic;
				INFOPLIST_FILE = ChatBox/Info.plist;
				LD_RUNPATH_SEARCH_PATHS = (
					"$(inherited)",
					"@executable_path/Frameworks",
				);
				PRODUCT_BUNDLE_IDENTIFIER = walker.ChatBox;
				PRODUCT_NAME = "$(TARGET_NAME)";
				SWIFT_VERSION = 5.0;
				TARGETED_DEVICE_FAMILY = "1,2";
			};
			name = Debug;
		};
		52BF94A12566509300B4A235 /* Release */ = {
			isa = XCBuildConfiguration;
			buildSettings = {
				ASSETCATALOG_COMPILER_APPICON_NAME = AppIcon;
				ASSETCATALOG_COMPILER_GLOBAL_ACCENT_COLOR_NAME = AccentColor;
				CODE_SIGN_STYLE = Automatic;
				INFOPLIST_FILE = ChatBox/Info.plist;
				LD_RUNPATH_SEARCH_PATHS = (
					"$(inherited)",
					"@executable_path/Frameworks",
				);
				PRODUCT_BUNDLE_IDENTIFIER = walker.ChatBox;
				PRODUCT_NAME = "$(TARGET_NAME)";
				SWIFT_VERSION = 5.0;
				TARGETED_DEVICE_FAMILY = "1,2";
			};
			name = Release;
		};
/* End XCBuildConfiguration section */

/* Begin XCConfigurationList section */
		52BF94862566509100B4A235 /* Build configuration list for PBXProject "ChatBox" */ = {
			isa = XCConfigurationList;
			buildConfigurations = (
				52BF949D2566509300B4A235 /* Debug */,
				52BF949E2566509300B4A235 /* Release */,
			);
			defaultConfigurationIsVisible = 0;
			defaultConfigurationName = Release;
		};
		52BF949F2566509300B4A235 /* Build configuration list for PBXNativeTarget "ChatBox" */ = {
			isa = XCConfigurationList;
			buildConfigurations = (
				52BF94A02566509300B4A235 /* Debug */,
				52BF94A12566509300B4A235 /* Release */,
			);
			defaultConfigurationIsVisible = 0;
			defaultConfigurationName = Release;
		};
/* End XCConfigurationList section */

/* Begin XCRemoteSwiftPackageReference section */
		52BF94A32566520700B4A235 /* XCRemoteSwiftPackageReference "SnapKit" */ = {
			isa = XCRemoteSwiftPackageReference;
			repositoryURL = "https://github.com/SnapKit/SnapKit.git";
			requirement = {
				kind = upToNextMajorVersion;
				minimumVersion = 5.0.1;
			};
		};
/* End XCRemoteSwiftPackageReference section */

/* Begin XCSwiftPackageProductDependency section */
		52BF94A42566520700B4A235 /* SnapKit */ = {
			isa = XCSwiftPackageProductDependency;
			package = 52BF94A32566520700B4A235 /* XCRemoteSwiftPackageReference "SnapKit" */;
			productName = SnapKit;
		};
/* End XCSwiftPackageProductDependency section */
	};
	rootObject = 52BF94832566509100B4A235 /* Project object */;
}
